// !$*UTF8*$!
{
	archiveVersion = 1;
	classes = {
	};
	objectVersion = 50;
	objects = {

/* Begin PBXBuildFile section */
		5B33379823C767D700BFC0F9 /* AppDelegate.swift in Sources */ = {isa = PBXBuildFile; fileRef = 5B33379723C767D700BFC0F9 /* AppDelegate.swift */; };
		5B33379A23C767D700BFC0F9 /* SceneDelegate.swift in Sources */ = {isa = PBXBuildFile; fileRef = 5B33379923C767D700BFC0F9 /* SceneDelegate.swift */; };
		5B33379C23C767D700BFC0F9 /* ContentView.swift in Sources */ = {isa = PBXBuildFile; fileRef = 5B33379B23C767D700BFC0F9 /* ContentView.swift */; };
		5B33379E23C767DC00BFC0F9 /* Assets.xcassets in Resources */ = {isa = PBXBuildFile; fileRef = 5B33379D23C767DC00BFC0F9 /* Assets.xcassets */; };
		5B3337A123C767DC00BFC0F9 /* Preview Assets.xcassets in Resources */ = {isa = PBXBuildFile; fileRef = 5B3337A023C767DC00BFC0F9 /* Preview Assets.xcassets */; };
		5B3337A423C767DC00BFC0F9 /* LaunchScreen.storyboard in Resources */ = {isa = PBXBuildFile; fileRef = 5B3337A223C767DC00BFC0F9 /* LaunchScreen.storyboard */; };
		5B3337BB23C76C2200BFC0F9 /* CGRect+Convenience.swift in Sources */ = {isa = PBXBuildFile; fileRef = 5B3337AC23C76C2200BFC0F9 /* CGRect+Convenience.swift */; };
		5B3337BC23C76C2200BFC0F9 /* ImageDrawer.swift in Sources */ = {isa = PBXBuildFile; fileRef = 5B3337AD23C76C2200BFC0F9 /* ImageDrawer.swift */; };
		5B3337BD23C76C2200BFC0F9 /* ArtStyle.swift in Sources */ = {isa = PBXBuildFile; fileRef = 5B3337AE23C76C2200BFC0F9 /* ArtStyle.swift */; };
		5B3337BE23C76C2200BFC0F9 /* Triangles.swift in Sources */ = {isa = PBXBuildFile; fileRef = 5B3337B023C76C2200BFC0F9 /* Triangles.swift */; };
		5B3337BF23C76C2200BFC0F9 /* Dots.swift in Sources */ = {isa = PBXBuildFile; fileRef = 5B3337B123C76C2200BFC0F9 /* Dots.swift */; };
		5B3337C023C76C2200BFC0F9 /* Stripes.swift in Sources */ = {isa = PBXBuildFile; fileRef = 5B3337B223C76C2200BFC0F9 /* Stripes.swift */; };
		5B3337C123C76C2200BFC0F9 /* BrokenCircles.swift in Sources */ = {isa = PBXBuildFile; fileRef = 5B3337B323C76C2200BFC0F9 /* BrokenCircles.swift */; };
		5B3337C223C76C2200BFC0F9 /* RandomStripes.swift in Sources */ = {isa = PBXBuildFile; fileRef = 5B3337B423C76C2200BFC0F9 /* RandomStripes.swift */; };
		5B3337C323C76C2200BFC0F9 /* Blocks.swift in Sources */ = {isa = PBXBuildFile; fileRef = 5B3337B523C76C2200BFC0F9 /* Blocks.swift */; };
		5B3337C423C76C2200BFC0F9 /* Mondrian.swift in Sources */ = {isa = PBXBuildFile; fileRef = 5B3337B623C76C2200BFC0F9 /* Mondrian.swift */; };
		5B3337C523C76C2200BFC0F9 /* Mosaic.swift in Sources */ = {isa = PBXBuildFile; fileRef = 5B3337B723C76C2200BFC0F9 /* Mosaic.swift */; };
		5B3337C623C76C2200BFC0F9 /* TriangularMesh.swift in Sources */ = {isa = PBXBuildFile; fileRef = 5B3337B823C76C2200BFC0F9 /* TriangularMesh.swift */; };
		5B3337C723C76C2200BFC0F9 /* ChaoticCircles.swift in Sources */ = {isa = PBXBuildFile; fileRef = 5B3337B923C76C2200BFC0F9 /* ChaoticCircles.swift */; };
		5B3337C823C76C2200BFC0F9 /* Bullseye.swift in Sources */ = {isa = PBXBuildFile; fileRef = 5B3337BA23C76C2200BFC0F9 /* Bullseye.swift */; };
/* End PBXBuildFile section */

/* Begin PBXFileReference section */
		5B33379423C767D700BFC0F9 /* GenerativeArt.app */ = {isa = PBXFileReference; explicitFileType = wrapper.application; includeInIndex = 0; path = GenerativeArt.app; sourceTree = BUILT_PRODUCTS_DIR; };
		5B33379723C767D700BFC0F9 /* AppDelegate.swift */ = {isa = PBXFileReference; lastKnownFileType = sourcecode.swift; path = AppDelegate.swift; sourceTree = "<group>"; };
		5B33379923C767D700BFC0F9 /* SceneDelegate.swift */ = {isa = PBXFileReference; lastKnownFileType = sourcecode.swift; path = SceneDelegate.swift; sourceTree = "<group>"; };
		5B33379B23C767D700BFC0F9 /* ContentView.swift */ = {isa = PBXFileReference; lastKnownFileType = sourcecode.swift; path = ContentView.swift; sourceTree = "<group>"; };
		5B33379D23C767DC00BFC0F9 /* Assets.xcassets */ = {isa = PBXFileReference; lastKnownFileType = folder.assetcatalog; path = Assets.xcassets; sourceTree = "<group>"; };
		5B3337A023C767DC00BFC0F9 /* Preview Assets.xcassets */ = {isa = PBXFileReference; lastKnownFileType = folder.assetcatalog; path = "Preview Assets.xcassets"; sourceTree = "<group>"; };
		5B3337A323C767DC00BFC0F9 /* Base */ = {isa = PBXFileReference; lastKnownFileType = file.storyboard; name = Base; path = Base.lproj/LaunchScreen.storyboard; sourceTree = "<group>"; };
		5B3337A523C767DC00BFC0F9 /* Info.plist */ = {isa = PBXFileReference; lastKnownFileType = text.plist.xml; path = Info.plist; sourceTree = "<group>"; };
		5B3337AC23C76C2200BFC0F9 /* CGRect+Convenience.swift */ = {isa = PBXFileReference; fileEncoding = 4; lastKnownFileType = sourcecode.swift; path = "CGRect+Convenience.swift"; sourceTree = "<group>"; };
		5B3337AD23C76C2200BFC0F9 /* ImageDrawer.swift */ = {isa = PBXFileReference; fileEncoding = 4; lastKnownFileType = sourcecode.swift; path = ImageDrawer.swift; sourceTree = "<group>"; };
		5B3337AE23C76C2200BFC0F9 /* ArtStyle.swift */ = {isa = PBXFileReference; fileEncoding = 4; lastKnownFileType = sourcecode.swift; path = ArtStyle.swift; sourceTree = "<group>"; };
		5B3337B023C76C2200BFC0F9 /* Triangles.swift */ = {isa = PBXFileReference; fileEncoding = 4; lastKnownFileType = sourcecode.swift; path = Triangles.swift; sourceTree = "<group>"; };
		5B3337B123C76C2200BFC0F9 /* Dots.swift */ = {isa = PBXFileReference; fileEncoding = 4; lastKnownFileType = sourcecode.swift; path = Dots.swift; sourceTree = "<group>"; };
		5B3337B223C76C2200BFC0F9 /* Stripes.swift */ = {isa = PBXFileReference; fileEncoding = 4; lastKnownFileType = sourcecode.swift; path = Stripes.swift; sourceTree = "<group>"; };
		5B3337B323C76C2200BFC0F9 /* BrokenCircles.swift */ = {isa = PBXFileReference; fileEncoding = 4; lastKnownFileType = sourcecode.swift; path = BrokenCircles.swift; sourceTree = "<group>"; };
		5B3337B423C76C2200BFC0F9 /* RandomStripes.swift */ = {isa = PBXFileReference; fileEncoding = 4; lastKnownFileType = sourcecode.swift; path = RandomStripes.swift; sourceTree = "<group>"; };
		5B3337B523C76C2200BFC0F9 /* Blocks.swift */ = {isa = PBXFileReference; fileEncoding = 4; lastKnownFileType = sourcecode.swift; path = Blocks.swift; sourceTree = "<group>"; };
		5B3337B623C76C2200BFC0F9 /* Mondrian.swift */ = {isa = PBXFileReference; fileEncoding = 4; lastKnownFileType = sourcecode.swift; path = Mondrian.swift; sourceTree = "<group>"; };
		5B3337B723C76C2200BFC0F9 /* Mosaic.swift */ = {isa = PBXFileReference; fileEncoding = 4; lastKnownFileType = sourcecode.swift; path = Mosaic.swift; sourceTree = "<group>"; };
		5B3337B823C76C2200BFC0F9 /* TriangularMesh.swift */ = {isa = PBXFileReference; fileEncoding = 4; lastKnownFileType = sourcecode.swift; path = TriangularMesh.swift; sourceTree = "<group>"; };
		5B3337B923C76C2200BFC0F9 /* ChaoticCircles.swift */ = {isa = PBXFileReference; fileEncoding = 4; lastKnownFileType = sourcecode.swift; path = ChaoticCircles.swift; sourceTree = "<group>"; };
		5B3337BA23C76C2200BFC0F9 /* Bullseye.swift */ = {isa = PBXFileReference; fileEncoding = 4; lastKnownFileType = sourcecode.swift; path = Bullseye.swift; sourceTree = "<group>"; };
/* End PBXFileReference section */

/* Begin PBXFrameworksBuildPhase section */
		5B33379123C767D700BFC0F9 /* Frameworks */ = {
			isa = PBXFrameworksBuildPhase;
			buildActionMask = 2147483647;
			files = (
			);
			runOnlyForDeploymentPostprocessing = 0;
		};
/* End PBXFrameworksBuildPhase section */

/* Begin PBXGroup section */
		5B33378B23C767D700BFC0F9 = {
			isa = PBXGroup;
			children = (
				5B33379623C767D700BFC0F9 /* GenerativeArt */,
				5B33379523C767D700BFC0F9 /* Products */,
			);
			sourceTree = "<group>";
		};
		5B33379523C767D700BFC0F9 /* Products */ = {
			isa = PBXGroup;
			children = (
				5B33379423C767D700BFC0F9 /* GenerativeArt.app */,
			);
			name = Products;
			sourceTree = "<group>";
		};
		5B33379623C767D700BFC0F9 /* GenerativeArt */ = {
			isa = PBXGroup;
			children = (
				5B3337AB23C76C2200BFC0F9 /* Art Styles */,
				5B33379723C767D700BFC0F9 /* AppDelegate.swift */,
				5B33379923C767D700BFC0F9 /* SceneDelegate.swift */,
				5B33379B23C767D700BFC0F9 /* ContentView.swift */,
				5B33379D23C767DC00BFC0F9 /* Assets.xcassets */,
				5B3337A223C767DC00BFC0F9 /* LaunchScreen.storyboard */,
				5B3337A523C767DC00BFC0F9 /* Info.plist */,
				5B33379F23C767DC00BFC0F9 /* Preview Content */,
			);
			path = GenerativeArt;
			sourceTree = "<group>";
		};
		5B33379F23C767DC00BFC0F9 /* Preview Content */ = {
			isa = PBXGroup;
			children = (
				5B3337A023C767DC00BFC0F9 /* Preview Assets.xcassets */,
			);
			path = "Preview Content";
			sourceTree = "<group>";
		};
		5B3337AB23C76C2200BFC0F9 /* Art Styles */ = {
			isa = PBXGroup;
			children = (
				5B3337AC23C76C2200BFC0F9 /* CGRect+Convenience.swift */,
				5B3337AD23C76C2200BFC0F9 /* ImageDrawer.swift */,
				5B3337AE23C76C2200BFC0F9 /* ArtStyle.swift */,
				5B3337AF23C76C2200BFC0F9 /* Styles */,
			);
			path = "Art Styles";
			sourceTree = "<group>";
		};
		5B3337AF23C76C2200BFC0F9 /* Styles */ = {
			isa = PBXGroup;
			children = (
				5B3337B023C76C2200BFC0F9 /* Triangles.swift */,
				5B3337B123C76C2200BFC0F9 /* Dots.swift */,
				5B3337B223C76C2200BFC0F9 /* Stripes.swift */,
				5B3337B323C76C2200BFC0F9 /* BrokenCircles.swift */,
				5B3337B423C76C2200BFC0F9 /* RandomStripes.swift */,
				5B3337B523C76C2200BFC0F9 /* Blocks.swift */,
				5B3337B623C76C2200BFC0F9 /* Mondrian.swift */,
				5B3337B723C76C2200BFC0F9 /* Mosaic.swift */,
				5B3337B823C76C2200BFC0F9 /* TriangularMesh.swift */,
				5B3337B923C76C2200BFC0F9 /* ChaoticCircles.swift */,
				5B3337BA23C76C2200BFC0F9 /* Bullseye.swift */,
			);
			path = Styles;
			sourceTree = "<group>";
		};
/* End PBXGroup section */

/* Begin PBXNativeTarget section */
		5B33379323C767D700BFC0F9 /* GenerativeArt */ = {
			isa = PBXNativeTarget;
			buildConfigurationList = 5B3337A823C767DC00BFC0F9 /* Build configuration list for PBXNativeTarget "GenerativeArt" */;
			buildPhases = (
				5B33379023C767D700BFC0F9 /* Sources */,
				5B33379123C767D700BFC0F9 /* Frameworks */,
				5B33379223C767D700BFC0F9 /* Resources */,
			);
			buildRules = (
			);
			dependencies = (
			);
			name = GenerativeArt;
			productName = GenerativeArt;
			productReference = 5B33379423C767D700BFC0F9 /* GenerativeArt.app */;
			productType = "com.apple.product-type.application";
		};
/* End PBXNativeTarget section */

/* Begin PBXProject section */
		5B33378C23C767D700BFC0F9 /* Project object */ = {
			isa = PBXProject;
			attributes = {
				LastSwiftUpdateCheck = 1120;
				LastUpgradeCheck = 1120;
				ORGANIZATIONNAME = "blue banana software";
				TargetAttributes = {
					5B33379323C767D700BFC0F9 = {
						CreatedOnToolsVersion = 11.2.1;
					};
				};
			};
			buildConfigurationList = 5B33378F23C767D700BFC0F9 /* Build configuration list for PBXProject "GenerativeArt" */;
			compatibilityVersion = "Xcode 9.3";
			developmentRegion = en;
			hasScannedForEncodings = 0;
			knownRegions = (
				en,
				Base,
			);
			mainGroup = 5B33378B23C767D700BFC0F9;
			productRefGroup = 5B33379523C767D700BFC0F9 /* Products */;
			projectDirPath = "";
			projectRoot = "";
			targets = (
				5B33379323C767D700BFC0F9 /* GenerativeArt */,
			);
		};
/* End PBXProject section */

/* Begin PBXResourcesBuildPhase section */
		5B33379223C767D700BFC0F9 /* Resources */ = {
			isa = PBXResourcesBuildPhase;
			buildActionMask = 2147483647;
			files = (
				5B3337A423C767DC00BFC0F9 /* LaunchScreen.storyboard in Resources */,
				5B3337A123C767DC00BFC0F9 /* Preview Assets.xcassets in Resources */,
				5B33379E23C767DC00BFC0F9 /* Assets.xcassets in Resources */,
			);
			runOnlyForDeploymentPostprocessing = 0;
		};
/* End PBXResourcesBuildPhase section */

/* Begin PBXSourcesBuildPhase section */
		5B33379023C767D700BFC0F9 /* Sources */ = {
			isa = PBXSourcesBuildPhase;
			buildActionMask = 2147483647;
			files = (
				5B33379823C767D700BFC0F9 /* AppDelegate.swift in Sources */,
				5B3337C023C76C2200BFC0F9 /* Stripes.swift in Sources */,
				5B3337C123C76C2200BFC0F9 /* BrokenCircles.swift in Sources */,
				5B3337BD23C76C2200BFC0F9 /* ArtStyle.swift in Sources */,
				5B33379A23C767D700BFC0F9 /* SceneDelegate.swift in Sources */,
				5B3337C823C76C2200BFC0F9 /* Bullseye.swift in Sources */,
				5B3337C523C76C2200BFC0F9 /* Mosaic.swift in Sources */,
				5B3337C423C76C2200BFC0F9 /* Mondrian.swift in Sources */,
				5B3337C223C76C2200BFC0F9 /* RandomStripes.swift in Sources */,
				5B3337C623C76C2200BFC0F9 /* TriangularMesh.swift in Sources */,
				5B3337BE23C76C2200BFC0F9 /* Triangles.swift in Sources */,
				5B33379C23C767D700BFC0F9 /* ContentView.swift in Sources */,
				5B3337BB23C76C2200BFC0F9 /* CGRect+Convenience.swift in Sources */,
				5B3337C323C76C2200BFC0F9 /* Blocks.swift in Sources */,
				5B3337BC23C76C2200BFC0F9 /* ImageDrawer.swift in Sources */,
				5B3337BF23C76C2200BFC0F9 /* Dots.swift in Sources */,
				5B3337C723C76C2200BFC0F9 /* ChaoticCircles.swift in Sources */,
			);
			runOnlyForDeploymentPostprocessing = 0;
		};
/* End PBXSourcesBuildPhase section */

/* Begin PBXVariantGroup section */
		5B3337A223C767DC00BFC0F9 /* LaunchScreen.storyboard */ = {
			isa = PBXVariantGroup;
			children = (
				5B3337A323C767DC00BFC0F9 /* Base */,
			);
			name = LaunchScreen.storyboard;
			sourceTree = "<group>";
		};
/* End PBXVariantGroup section */

/* Begin XCBuildConfiguration section */
		5B3337A623C767DC00BFC0F9 /* Debug */ = {
			isa = XCBuildConfiguration;
			buildSettings = {
				ALWAYS_SEARCH_USER_PATHS = NO;
				CLANG_ANALYZER_NONNULL = YES;
				CLANG_ANALYZER_NUMBER_OBJECT_CONVERSION = YES_AGGRESSIVE;
				CLANG_CXX_LANGUAGE_STANDARD = "gnu++14";
				CLANG_CXX_LIBRARY = "libc++";
				CLANG_ENABLE_MODULES = YES;
				CLANG_ENABLE_OBJC_ARC = YES;
				CLANG_ENABLE_OBJC_WEAK = YES;
				CLANG_WARN_BLOCK_CAPTURE_AUTORELEASING = YES;
				CLANG_WARN_BOOL_CONVERSION = YES;
				CLANG_WARN_COMMA = YES;
				CLANG_WARN_CONSTANT_CONVERSION = YES;
				CLANG_WARN_DEPRECATED_OBJC_IMPLEMENTATIONS = YES;
				CLANG_WARN_DIRECT_OBJC_ISA_USAGE = YES_ERROR;
				CLANG_WARN_DOCUMENTATION_COMMENTS = YES;
				CLANG_WARN_EMPTY_BODY = YES;
				CLANG_WARN_ENUM_CONVERSION = YES;
				CLANG_WARN_INFINITE_RECURSION = YES;
				CLANG_WARN_INT_CONVERSION = YES;
				CLANG_WARN_NON_LITERAL_NULL_CONVERSION = YES;
				CLANG_WARN_OBJC_IMPLICIT_RETAIN_SELF = YES;
				CLANG_WARN_OBJC_LITERAL_CONVERSION = YES;
				CLANG_WARN_OBJC_ROOT_CLASS = YES_ERROR;
				CLANG_WARN_RANGE_LOOP_ANALYSIS = YES;
				CLANG_WARN_STRICT_PROTOTYPES = YES;
				CLANG_WARN_SUSPICIOUS_MOVE = YES;
				CLANG_WARN_UNGUARDED_AVAILABILITY = YES_AGGRESSIVE;
				CLANG_WARN_UNREACHABLE_CODE = YES;
				CLANG_WARN__DUPLICATE_METHOD_MATCH = YES;
				COPY_PHASE_STRIP = NO;
				DEBUG_INFORMATION_FORMAT = dwarf;
				ENABLE_STRICT_OBJC_MSGSEND = YES;
				ENABLE_TESTABILITY = YES;
				GCC_C_LANGUAGE_STANDARD = gnu11;
				GCC_DYNAMIC_NO_PIC = NO;
				GCC_NO_COMMON_BLOCKS = YES;
				GCC_OPTIMIZATION_LEVEL = 0;
				GCC_PREPROCESSOR_DEFINITIONS = (
					"DEBUG=1",
					"$(inherited)",
				);
				GCC_WARN_64_TO_32_BIT_CONVERSION = YES;
				GCC_WARN_ABOUT_RETURN_TYPE = YES_ERROR;
				GCC_WARN_UNDECLARED_SELECTOR = YES;
				GCC_WARN_UNINITIALIZED_AUTOS = YES_AGGRESSIVE;
				GCC_WARN_UNUSED_FUNCTION = YES;
				GCC_WARN_UNUSED_VARIABLE = YES;
				IPHONEOS_DEPLOYMENT_TARGET = 13.2;
				MTL_ENABLE_DEBUG_INFO = INCLUDE_SOURCE;
				MTL_FAST_MATH = YES;
				ONLY_ACTIVE_ARCH = YES;
				SDKROOT = iphoneos;
				SWIFT_ACTIVE_COMPILATION_CONDITIONS = DEBUG;
				SWIFT_OPTIMIZATION_LEVEL = "-Onone";
			};
			name = Debug;
		};
		5B3337A723C767DC00BFC0F9 /* Release */ = {
			isa = XCBuildConfiguration;
			buildSettings = {
				ALWAYS_SEARCH_USER_PATHS = NO;
				CLANG_ANALYZER_NONNULL = YES;
				CLANG_ANALYZER_NUMBER_OBJECT_CONVERSION = YES_AGGRESSIVE;
				CLANG_CXX_LANGUAGE_STANDARD = "gnu++14";
				CLANG_CXX_LIBRARY = "libc++";
				CLANG_ENABLE_MODULES = YES;
				CLANG_ENABLE_OBJC_ARC = YES;
				CLANG_ENABLE_OBJC_WEAK = YES;
				CLANG_WARN_BLOCK_CAPTURE_AUTORELEASING = YES;
				CLANG_WARN_BOOL_CONVERSION = YES;
				CLANG_WARN_COMMA = YES;
				CLANG_WARN_CONSTANT_CONVERSION = YES;
				CLANG_WARN_DEPRECATED_OBJC_IMPLEMENTATIONS = YES;
				CLANG_WARN_DIRECT_OBJC_ISA_USAGE = YES_ERROR;
				CLANG_WARN_DOCUMENTATION_COMMENTS = YES;
				CLANG_WARN_EMPTY_BODY = YES;
				CLANG_WARN_ENUM_CONVERSION = YES;
				CLANG_WARN_INFINITE_RECURSION = YES;
				CLANG_WARN_INT_CONVERSION = YES;
				CLANG_WARN_NON_LITERAL_NULL_CONVERSION = YES;
				CLANG_WARN_OBJC_IMPLICIT_RETAIN_SELF = YES;
				CLANG_WARN_OBJC_LITERAL_CONVERSION = YES;
				CLANG_WARN_OBJC_ROOT_CLASS = YES_ERROR;
				CLANG_WARN_RANGE_LOOP_ANALYSIS = YES;
				CLANG_WARN_STRICT_PROTOTYPES = YES;
				CLANG_WARN_SUSPICIOUS_MOVE = YES;
				CLANG_WARN_UNGUARDED_AVAILABILITY = YES_AGGRESSIVE;
				CLANG_WARN_UNREACHABLE_CODE = YES;
				CLANG_WARN__DUPLICATE_METHOD_MATCH = YES;
				COPY_PHASE_STRIP = NO;
				DEBUG_INFORMATION_FORMAT = "dwarf-with-dsym";
				ENABLE_NS_ASSERTIONS = NO;
				ENABLE_STRICT_OBJC_MSGSEND = YES;
				GCC_C_LANGUAGE_STANDARD = gnu11;
				GCC_NO_COMMON_BLOCKS = YES;
				GCC_WARN_64_TO_32_BIT_CONVERSION = YES;
				GCC_WARN_ABOUT_RETURN_TYPE = YES_ERROR;
				GCC_WARN_UNDECLARED_SELECTOR = YES;
				GCC_WARN_UNINITIALIZED_AUTOS = YES_AGGRESSIVE;
				GCC_WARN_UNUSED_FUNCTION = YES;
				GCC_WARN_UNUSED_VARIABLE = YES;
				IPHONEOS_DEPLOYMENT_TARGET = 13.2;
				MTL_ENABLE_DEBUG_INFO = NO;
				MTL_FAST_MATH = YES;
				SDKROOT = iphoneos;
				SWIFT_COMPILATION_MODE = wholemodule;
				SWIFT_OPTIMIZATION_LEVEL = "-O";
				VALIDATE_PRODUCT = YES;
			};
			name = Release;
		};
		5B3337A923C767DC00BFC0F9 /* Debug */ = {
			isa = XCBuildConfiguration;
			buildSettings = {
				ASSETCATALOG_COMPILER_APPICON_NAME = AppIcon;
				CODE_SIGN_STYLE = Automatic;
				DEVELOPMENT_ASSET_PATHS = "\"GenerativeArt/Preview Content\"";
				DEVELOPMENT_TEAM = TKS37SCD3Z;
				ENABLE_PREVIEWS = YES;
				INFOPLIST_FILE = GenerativeArt/Info.plist;
				LD_RUNPATH_SEARCH_PATHS = (
					"$(inherited)",
					"@executable_path/Frameworks",
				);
				PRODUCT_BUNDLE_IDENTIFIER = "com.bluebanana-software.GenerativeArt";
				PRODUCT_NAME = "$(TARGET_NAME)";
				SWIFT_VERSION = 5.0;
				TARGETED_DEVICE_FAMILY = "1,2";
			};
			name = Debug;
		};
		5B3337AA23C767DC00BFC0F9 /* Release */ = {
			isa = XCBuildConfiguration;
			buildSettings = {
				ASSETCATALOG_COMPILER_APPICON_NAME = AppIcon;
				CODE_SIGN_STYLE = Automatic;
				DEVELOPMENT_ASSET_PATHS = "\"GenerativeArt/Preview Content\"";
				DEVELOPMENT_TEAM = TKS37SCD3Z;
				ENABLE_PREVIEWS = YES;
				INFOPLIST_FILE = GenerativeArt/Info.plist;
				LD_RUNPATH_SEARCH_PATHS = (
					"$(inherited)",
					"@executable_path/Frameworks",
				);
				PRODUCT_BUNDLE_IDENTIFIER = "com.bluebanana-software.GenerativeArt";
				PRODUCT_NAME = "$(TARGET_NAME)";
				SWIFT_VERSION = 5.0;
				TARGETED_DEVICE_FAMILY = "1,2";
			};
			name = Release;
		};
/* End XCBuildConfiguration section */

/* Begin XCConfigurationList section */
		5B33378F23C767D700BFC0F9 /* Build configuration list for PBXProject "GenerativeArt" */ = {
			isa = XCConfigurationList;
			buildConfigurations = (
				5B3337A623C767DC00BFC0F9 /* Debug */,
				5B3337A723C767DC00BFC0F9 /* Release */,
			);
			defaultConfigurationIsVisible = 0;
			defaultConfigurationName = Release;
		};
		5B3337A823C767DC00BFC0F9 /* Build configuration list for PBXNativeTarget "GenerativeArt" */ = {
			isa = XCConfigurationList;
			buildConfigurations = (
				5B3337A923C767DC00BFC0F9 /* Debug */,
				5B3337AA23C767DC00BFC0F9 /* Release */,
			);
			defaultConfigurationIsVisible = 0;
			defaultConfigurationName = Release;
		};
/* End XCConfigurationList section */
	};
	rootObject = 5B33378C23C767D700BFC0F9 /* Project object */;
}
